<?xml version="1.0" encoding="utf-8"?>
<Project ToolsVersion="4.0" xmlns="http://schemas.microsoft.com/developer/msbuild/2003">
  <ItemGroup>
    <ClCompile Include="CalculateFn.cpp" />
    <ClCompile Include="Fraction.cpp" />
    <ClCompile Include="Determinant.cpp" />
    <ClCompile Include="Equation.cpp" />
  </ItemGroup>
  <ItemGroup>
    <ClInclude Include="Fraction.h" />
    <ClInclude Include="Determinant.h" />
    <ClInclude Include="Equation.h" />
  </ItemGroup>
</Project>